
Microsoft Visual Studio Solution File, Format Version 12.00
# Visual Studio 15
VisualStudioVersion = 15.0.26430.15
MinimumVisualStudioVersion = 10.0.40219.1
Project("{FAE04EC0-301F-11D3-BF4B-00C04F79EFBC}") = "EasyCamera.Android", "EasyCamera\EasyCamera.Android\EasyCamera.Android.csproj", "{3D5716D2-C5A0-41A8-AF2B-0E269931725A}"
EndProject
Project("{FAE04EC0-301F-11D3-BF4B-00C04F79EFBC}") = "EasyCamera", "EasyCamera\EasyCamera\EasyCamera.csproj", "{D55F9F5E-7072-4D3A-80D7-E968A403BD4B}"
EndProject
Project("{FAE04EC0-301F-11D3-BF4B-00C04F79EFBC}") = "EasyCamera.UWP", "EasyCamera\EasyCamera.UWP\EasyCamera.UWP.csproj", "{91355A85-1D68-4EFD-B334-1010472EEAB9}"
EndProject
Project("{FAE04EC0-301F-11D3-BF4B-00C04F79EFBC}") = "EasyCamera.iOS", "EasyCamera\EasyCamera.iOS\EasyCamera.iOS.csproj", "{219E276E-4CD5-475E-8C3C-78ACDD81146D}"
EndProject
Global
	GlobalSection(SolutionConfigurationPlatforms) = preSolution
		Ad-Hoc|Any CPU = Ad-Hoc|Any CPU
		Ad-Hoc|ARM = Ad-Hoc|ARM
		Ad-Hoc|iPhone = Ad-Hoc|iPhone
		Ad-Hoc|iPhoneSimulator = Ad-Hoc|iPhoneSimulator
		Ad-Hoc|x64 = Ad-Hoc|x64
		Ad-Hoc|x86 = Ad-Hoc|x86
		AppStore|Any CPU = AppStore|Any CPU
		AppStore|ARM = AppStore|ARM
		AppStore|iPhone = AppStore|iPhone
		AppStore|iPhoneSimulator = AppStore|iPhoneSimulator
		AppStore|x64 = AppStore|x64
		AppStore|x86 = AppStore|x86
		Debug|Any CPU = Debug|Any CPU
		Debug|ARM = Debug|ARM
		Debug|iPhone = Debug|iPhone
		Debug|iPhoneSimulator = Debug|iPhoneSimulator
		Debug|x64 = Debug|x64
		Debug|x86 = Debug|x86
		Release|Any CPU = Release|Any CPU
		Release|ARM = Release|ARM
		Release|iPhone = Release|iPhone
		Release|iPhoneSimulator = Release|iPhoneSimulator
		Release|x64 = Release|x64
		Release|x86 = Release|x86
	EndGlobalSection
	GlobalSection(ProjectConfigurationPlatforms) = postSolution
		{3D5716D2-C5A0-41A8-AF2B-0E269931725A}.Ad-Hoc|Any CPU.ActiveCfg = Release|Any CPU
		{3D5716D2-C5A0-41A8-AF2B-0E269931725A}.Ad-Hoc|Any CPU.Build.0 = Release|Any CPU
		{3D5716D2-C5A0-41A8-AF2B-0E269931725A}.Ad-Hoc|Any CPU.Deploy.0 = Release|Any CPU
		{3D5716D2-C5A0-41A8-AF2B-0E269931725A}.Ad-Hoc|ARM.ActiveCfg = Release|Any CPU
		{3D5716D2-C5A0-41A8-AF2B-0E269931725A}.Ad-Hoc|ARM.Build.0 = Release|Any CPU
		{3D5716D2-C5A0-41A8-AF2B-0E269931725A}.Ad-Hoc|ARM.Deploy.0 = Release|Any CPU
		{3D5716D2-C5A0-41A8-AF2B-0E269931725A}.Ad-Hoc|iPhone.ActiveCfg = Release|Any CPU
		{3D5716D2-C5A0-41A8-AF2B-0E269931725A}.Ad-Hoc|iPhone.Build.0 = Release|Any CPU
		{3D5716D2-C5A0-41A8-AF2B-0E269931725A}.Ad-Hoc|iPhone.Deploy.0 = Release|Any CPU
		{3D5716D2-C5A0-41A8-AF2B-0E269931725A}.Ad-Hoc|iPhoneSimulator.ActiveCfg = Release|Any CPU
		{3D5716D2-C5A0-41A8-AF2B-0E269931725A}.Ad-Hoc|iPhoneSimulator.Build.0 = Release|Any CPU
		{3D5716D2-C5A0-41A8-AF2B-0E269931725A}.Ad-Hoc|iPhoneSimulator.Deploy.0 = Release|Any CPU
		{3D5716D2-C5A0-41A8-AF2B-0E269931725A}.Ad-Hoc|x64.ActiveCfg = Release|Any CPU
		{3D5716D2-C5A0-41A8-AF2B-0E269931725A}.Ad-Hoc|x64.Build.0 = Release|Any CPU
		{3D5716D2-C5A0-41A8-AF2B-0E269931725A}.Ad-Hoc|x64.Deploy.0 = Release|Any CPU
		{3D5716D2-C5A0-41A8-AF2B-0E269931725A}.Ad-Hoc|x86.ActiveCfg = Release|Any CPU
		{3D5716D2-C5A0-41A8-AF2B-0E269931725A}.Ad-Hoc|x86.Build.0 = Release|Any CPU
		{3D5716D2-C5A0-41A8-AF2B-0E269931725A}.Ad-Hoc|x86.Deploy.0 = Release|Any CPU
		{3D5716D2-C5A0-41A8-AF2B-0E269931725A}.AppStore|Any CPU.ActiveCfg = Release|Any CPU
		{3D5716D2-C5A0-41A8-AF2B-0E269931725A}.AppStore|Any CPU.Build.0 = Release|Any CPU
		{3D5716D2-C5A0-41A8-AF2B-0E269931725A}.AppStore|Any CPU.Deploy.0 = Release|Any CPU
		{3D5716D2-C5A0-41A8-AF2B-0E269931725A}.AppStore|ARM.ActiveCfg = Release|Any CPU
		{3D5716D2-C5A0-41A8-AF2B-0E269931725A}.AppStore|ARM.Build.0 = Release|Any CPU
		{3D5716D2-C5A0-41A8-AF2B-0E269931725A}.AppStore|ARM.Deploy.0 = Release|Any CPU
		{3D5716D2-C5A0-41A8-AF2B-0E269931725A}.AppStore|iPhone.ActiveCfg = Release|Any CPU
		{3D5716D2-C5A0-41A8-AF2B-0E269931725A}.AppStore|iPhone.Build.0 = Release|Any CPU
		{3D5716D2-C5A0-41A8-AF2B-0E269931725A}.AppStore|iPhone.Deploy.0 = Release|Any CPU
		{3D5716D2-C5A0-41A8-AF2B-0E269931725A}.AppStore|iPhoneSimulator.ActiveCfg = Release|Any CPU
		{3D5716D2-C5A0-41A8-AF2B-0E269931725A}.AppStore|iPhoneSimulator.Build.0 = Release|Any CPU
		{3D5716D2-C5A0-41A8-AF2B-0E269931725A}.AppStore|iPhoneSimulator.Deploy.0 = Release|Any CPU
		{3D5716D2-C5A0-41A8-AF2B-0E269931725A}.AppStore|x64.ActiveCfg = Release|Any CPU
		{3D5716D2-C5A0-41A8-AF2B-0E269931725A}.AppStore|x64.Build.0 = Release|Any CPU
		{3D5716D2-C5A0-41A8-AF2B-0E269931725A}.AppStore|x64.Deploy.0 = Release|Any CPU
		{3D5716D2-C5A0-41A8-AF2B-0E269931725A}.AppStore|x86.ActiveCfg = Release|Any CPU
		{3D5716D2-C5A0-41A8-AF2B-0E269931725A}.AppStore|x86.Build.0 = Release|Any CPU
		{3D5716D2-C5A0-41A8-AF2B-0E269931725A}.AppStore|x86.Deploy.0 = Release|Any CPU
		{3D5716D2-C5A0-41A8-AF2B-0E269931725A}.Debug|Any CPU.ActiveCfg = Debug|Any CPU
		{3D5716D2-C5A0-41A8-AF2B-0E269931725A}.Debug|Any CPU.Build.0 = Debug|Any CPU
		{3D5716D2-C5A0-41A8-AF2B-0E269931725A}.Debug|Any CPU.Deploy.0 = Debug|Any CPU
		{3D5716D2-C5A0-41A8-AF2B-0E269931725A}.Debug|ARM.ActiveCfg = Debug|Any CPU
		{3D5716D2-C5A0-41A8-AF2B-0E269931725A}.Debug|ARM.Build.0 = Debug|Any CPU
		{3D5716D2-C5A0-41A8-AF2B-0E269931725A}.Debug|ARM.Deploy.0 = Debug|Any CPU
		{3D5716D2-C5A0-41A8-AF2B-0E269931725A}.Debug|iPhone.ActiveCfg = Debug|Any CPU
		{3D5716D2-C5A0-41A8-AF2B-0E269931725A}.Debug|iPhone.Build.0 = Debug|Any CPU
		{3D5716D2-C5A0-41A8-AF2B-0E269931725A}.Debug|iPhone.Deploy.0 = Debug|Any CPU
		{3D5716D2-C5A0-41A8-AF2B-0E269931725A}.Debug|iPhoneSimulator.ActiveCfg = Debug|Any CPU
		{3D5716D2-C5A0-41A8-AF2B-0E269931725A}.Debug|iPhoneSimulator.Build.0 = Debug|Any CPU
		{3D5716D2-C5A0-41A8-AF2B-0E269931725A}.Debug|iPhoneSimulator.Deploy.0 = Debug|Any CPU
		{3D5716D2-C5A0-41A8-AF2B-0E269931725A}.Debug|x64.ActiveCfg = Debug|Any CPU
		{3D5716D2-C5A0-41A8-AF2B-0E269931725A}.Debug|x64.Build.0 = Debug|Any CPU
		{3D5716D2-C5A0-41A8-AF2B-0E269931725A}.Debug|x64.Deploy.0 = Debug|Any CPU
		{3D5716D2-C5A0-41A8-AF2B-0E269931725A}.Debug|x86.ActiveCfg = Debug|Any CPU
		{3D5716D2-C5A0-41A8-AF2B-0E269931725A}.Debug|x86.Build.0 = Debug|Any CPU
		{3D5716D2-C5A0-41A8-AF2B-0E269931725A}.Debug|x86.Deploy.0 = Debug|Any CPU
		{3D5716D2-C5A0-41A8-AF2B-0E269931725A}.Release|Any CPU.ActiveCfg = Release|Any CPU
		{3D5716D2-C5A0-41A8-AF2B-0E269931725A}.Release|Any CPU.Build.0 = Release|Any CPU
		{3D5716D2-C5A0-41A8-AF2B-0E269931725A}.Release|Any CPU.Deploy.0 = Release|Any CPU
		{3D5716D2-C5A0-41A8-AF2B-0E269931725A}.Release|ARM.ActiveCfg = Release|Any CPU
		{3D5716D2-C5A0-41A8-AF2B-0E269931725A}.Release|ARM.Build.0 = Release|Any CPU
		{3D5716D2-C5A0-41A8-AF2B-0E269931725A}.Release|ARM.Deploy.0 = Release|Any CPU
		{3D5716D2-C5A0-41A8-AF2B-0E269931725A}.Release|iPhone.ActiveCfg = Release|Any CPU
		{3D5716D2-C5A0-41A8-AF2B-0E269931725A}.Release|iPhone.Build.0 = Release|Any CPU
		{3D5716D2-C5A0-41A8-AF2B-0E269931725A}.Release|iPhone.Deploy.0 = Release|Any CPU
		{3D5716D2-C5A0-41A8-AF2B-0E269931725A}.Release|iPhoneSimulator.ActiveCfg = Release|Any CPU
		{3D5716D2-C5A0-41A8-AF2B-0E269931725A}.Release|iPhoneSimulator.Build.0 = Release|Any CPU
		{3D5716D2-C5A0-41A8-AF2B-0E269931725A}.Release|iPhoneSimulator.Deploy.0 = Release|Any CPU
		{3D5716D2-C5A0-41A8-AF2B-0E269931725A}.Release|x64.ActiveCfg = Release|Any CPU
		{3D5716D2-C5A0-41A8-AF2B-0E269931725A}.Release|x64.Build.0 = Release|Any CPU
		{3D5716D2-C5A0-41A8-AF2B-0E269931725A}.Release|x64.Deploy.0 = Release|Any CPU
		{3D5716D2-C5A0-41A8-AF2B-0E269931725A}.Release|x86.ActiveCfg = Release|Any CPU
		{3D5716D2-C5A0-41A8-AF2B-0E269931725A}.Release|x86.Build.0 = Release|Any CPU
		{3D5716D2-C5A0-41A8-AF2B-0E269931725A}.Release|x86.Deploy.0 = Release|Any CPU
		{D55F9F5E-7072-4D3A-80D7-E968A403BD4B}.Ad-Hoc|Any CPU.ActiveCfg = Release|Any CPU
		{D55F9F5E-7072-4D3A-80D7-E968A403BD4B}.Ad-Hoc|Any CPU.Build.0 = Release|Any CPU
		{D55F9F5E-7072-4D3A-80D7-E968A403BD4B}.Ad-Hoc|ARM.ActiveCfg = Release|Any CPU
		{D55F9F5E-7072-4D3A-80D7-E968A403BD4B}.Ad-Hoc|ARM.Build.0 = Release|Any CPU
		{D55F9F5E-7072-4D3A-80D7-E968A403BD4B}.Ad-Hoc|iPhone.ActiveCfg = Release|Any CPU
		{D55F9F5E-7072-4D3A-80D7-E968A403BD4B}.Ad-Hoc|iPhone.Build.0 = Release|Any CPU
		{D55F9F5E-7072-4D3A-80D7-E968A403BD4B}.Ad-Hoc|iPhoneSimulator.ActiveCfg = Release|Any CPU
		{D55F9F5E-7072-4D3A-80D7-E968A403BD4B}.Ad-Hoc|iPhoneSimulator.Build.0 = Release|Any CPU
		{D55F9F5E-7072-4D3A-80D7-E968A403BD4B}.Ad-Hoc|x64.ActiveCfg = Release|Any CPU
		{D55F9F5E-7072-4D3A-80D7-E968A403BD4B}.Ad-Hoc|x64.Build.0 = Release|Any CPU
		{D55F9F5E-7072-4D3A-80D7-E968A403BD4B}.Ad-Hoc|x86.ActiveCfg = Release|Any CPU
		{D55F9F5E-7072-4D3A-80D7-E968A403BD4B}.Ad-Hoc|x86.Build.0 = Release|Any CPU
		{D55F9F5E-7072-4D3A-80D7-E968A403BD4B}.AppStore|Any CPU.ActiveCfg = Release|Any CPU
		{D55F9F5E-7072-4D3A-80D7-E968A403BD4B}.AppStore|Any CPU.Build.0 = Release|Any CPU
		{D55F9F5E-7072-4D3A-80D7-E968A403BD4B}.AppStore|ARM.ActiveCfg = Release|Any CPU
		{D55F9F5E-7072-4D3A-80D7-E968A403BD4B}.AppStore|ARM.Build.0 = Release|Any CPU
		{D55F9F5E-7072-4D3A-80D7-E968A403BD4B}.AppStore|iPhone.ActiveCfg = Release|Any CPU
		{D55F9F5E-7072-4D3A-80D7-E968A403BD4B}.AppStore|iPhone.Build.0 = Release|Any CPU
		{D55F9F5E-7072-4D3A-80D7-E968A403BD4B}.AppStore|iPhoneSimulator.ActiveCfg = Release|Any CPU
		{D55F9F5E-7072-4D3A-80D7-E968A403BD4B}.AppStore|iPhoneSimulator.Build.0 = Release|Any CPU
		{D55F9F5E-7072-4D3A-80D7-E968A403BD4B}.AppStore|x64.ActiveCfg = Release|Any CPU
		{D55F9F5E-7072-4D3A-80D7-E968A403BD4B}.AppStore|x64.Build.0 = Release|Any CPU
		{D55F9F5E-7072-4D3A-80D7-E968A403BD4B}.AppStore|x86.ActiveCfg = Release|Any CPU
		{D55F9F5E-7072-4D3A-80D7-E968A403BD4B}.AppStore|x86.Build.0 = Release|Any CPU
		{D55F9F5E-7072-4D3A-80D7-E968A403BD4B}.Debug|Any CPU.ActiveCfg = Debug|Any CPU
		{D55F9F5E-7072-4D3A-80D7-E968A403BD4B}.Debug|Any CPU.Build.0 = Debug|Any CPU
		{D55F9F5E-7072-4D3A-80D7-E968A403BD4B}.Debug|ARM.ActiveCfg = Debug|Any CPU
		{D55F9F5E-7072-4D3A-80D7-E968A403BD4B}.Debug|ARM.Build.0 = Debug|Any CPU
		{D55F9F5E-7072-4D3A-80D7-E968A403BD4B}.Debug|iPhone.ActiveCfg = Debug|Any CPU
		{D55F9F5E-7072-4D3A-80D7-E968A403BD4B}.Debug|iPhone.Build.0 = Debug|Any CPU
		{D55F9F5E-7072-4D3A-80D7-E968A403BD4B}.Debug|iPhoneSimulator.ActiveCfg = Debug|Any CPU
		{D55F9F5E-7072-4D3A-80D7-E968A403BD4B}.Debug|iPhoneSimulator.Build.0 = Debug|Any CPU
		{D55F9F5E-7072-4D3A-80D7-E968A403BD4B}.Debug|x64.ActiveCfg = Debug|Any CPU
		{D55F9F5E-7072-4D3A-80D7-E968A403BD4B}.Debug|x64.Build.0 = Debug|Any CPU
		{D55F9F5E-7072-4D3A-80D7-E968A403BD4B}.Debug|x86.ActiveCfg = Debug|Any CPU
		{D55F9F5E-7072-4D3A-80D7-E968A403BD4B}.Debug|x86.Build.0 = Debug|Any CPU
		{D55F9F5E-7072-4D3A-80D7-E968A403BD4B}.Release|Any CPU.ActiveCfg = Release|Any CPU
		{D55F9F5E-7072-4D3A-80D7-E968A403BD4B}.Release|Any CPU.Build.0 = Release|Any CPU
		{D55F9F5E-7072-4D3A-80D7-E968A403BD4B}.Release|ARM.ActiveCfg = Release|Any CPU
		{D55F9F5E-7072-4D3A-80D7-E968A403BD4B}.Release|ARM.Build.0 = Release|Any CPU
		{D55F9F5E-7072-4D3A-80D7-E968A403BD4B}.Release|iPhone.ActiveCfg = Release|Any CPU
		{D55F9F5E-7072-4D3A-80D7-E968A403BD4B}.Release|iPhone.Build.0 = Release|Any CPU
		{D55F9F5E-7072-4D3A-80D7-E968A403BD4B}.Release|iPhoneSimulator.ActiveCfg = Release|Any CPU
		{D55F9F5E-7072-4D3A-80D7-E968A403BD4B}.Release|iPhoneSimulator.Build.0 = Release|Any CPU
		{D55F9F5E-7072-4D3A-80D7-E968A403BD4B}.Release|x64.ActiveCfg = Release|Any CPU
		{D55F9F5E-7072-4D3A-80D7-E968A403BD4B}.Release|x64.Build.0 = Release|Any CPU
		{D55F9F5E-7072-4D3A-80D7-E968A403BD4B}.Release|x86.ActiveCfg = Release|Any CPU
		{D55F9F5E-7072-4D3A-80D7-E968A403BD4B}.Release|x86.Build.0 = Release|Any CPU
		{91355A85-1D68-4EFD-B334-1010472EEAB9}.Ad-Hoc|Any CPU.ActiveCfg = Release|x86
		{91355A85-1D68-4EFD-B334-1010472EEAB9}.Ad-Hoc|Any CPU.Build.0 = Release|x86
		{91355A85-1D68-4EFD-B334-1010472EEAB9}.Ad-Hoc|Any CPU.Deploy.0 = Release|x86
		{91355A85-1D68-4EFD-B334-1010472EEAB9}.Ad-Hoc|ARM.ActiveCfg = Release|ARM
		{91355A85-1D68-4EFD-B334-1010472EEAB9}.Ad-Hoc|ARM.Build.0 = Release|ARM
		{91355A85-1D68-4EFD-B334-1010472EEAB9}.Ad-Hoc|ARM.Deploy.0 = Release|ARM
		{91355A85-1D68-4EFD-B334-1010472EEAB9}.Ad-Hoc|iPhone.ActiveCfg = Release|x86
		{91355A85-1D68-4EFD-B334-1010472EEAB9}.Ad-Hoc|iPhone.Build.0 = Release|x86
		{91355A85-1D68-4EFD-B334-1010472EEAB9}.Ad-Hoc|iPhone.Deploy.0 = Release|x86
		{91355A85-1D68-4EFD-B334-1010472EEAB9}.Ad-Hoc|iPhoneSimulator.ActiveCfg = Release|x86
		{91355A85-1D68-4EFD-B334-1010472EEAB9}.Ad-Hoc|iPhoneSimulator.Build.0 = Release|x86
		{91355A85-1D68-4EFD-B334-1010472EEAB9}.Ad-Hoc|iPhoneSimulator.Deploy.0 = Release|x86
		{91355A85-1D68-4EFD-B334-1010472EEAB9}.Ad-Hoc|x64.ActiveCfg = Release|x64
		{91355A85-1D68-4EFD-B334-1010472EEAB9}.Ad-Hoc|x64.Build.0 = Release|x64
		{91355A85-1D68-4EFD-B334-1010472EEAB9}.Ad-Hoc|x64.Deploy.0 = Release|x64
		{91355A85-1D68-4EFD-B334-1010472EEAB9}.Ad-Hoc|x86.ActiveCfg = Release|x86
		{91355A85-1D68-4EFD-B334-1010472EEAB9}.Ad-Hoc|x86.Build.0 = Release|x86
		{91355A85-1D68-4EFD-B334-1010472EEAB9}.Ad-Hoc|x86.Deploy.0 = Release|x86
		{91355A85-1D68-4EFD-B334-1010472EEAB9}.AppStore|Any CPU.ActiveCfg = Release|x86
		{91355A85-1D68-4EFD-B334-1010472EEAB9}.AppStore|Any CPU.Build.0 = Release|x86
		{91355A85-1D68-4EFD-B334-1010472EEAB9}.AppStore|Any CPU.Deploy.0 = Release|x86
		{91355A85-1D68-4EFD-B334-1010472EEAB9}.AppStore|ARM.ActiveCfg = Release|ARM
		{91355A85-1D68-4EFD-B334-1010472EEAB9}.AppStore|ARM.Build.0 = Release|ARM
		{91355A85-1D68-4EFD-B334-1010472EEAB9}.AppStore|ARM.Deploy.0 = Release|ARM
		{91355A85-1D68-4EFD-B334-1010472EEAB9}.AppStore|iPhone.ActiveCfg = Release|x86
		{91355A85-1D68-4EFD-B334-1010472EEAB9}.AppStore|iPhone.Build.0 = Release|x86
		{91355A85-1D68-4EFD-B334-1010472EEAB9}.AppStore|iPhone.Deploy.0 = Release|x86
		{91355A85-1D68-4EFD-B334-1010472EEAB9}.AppStore|iPhoneSimulator.ActiveCfg = Release|x86
		{91355A85-1D68-4EFD-B334-1010472EEAB9}.AppStore|iPhoneSimulator.Build.0 = Release|x86
		{91355A85-1D68-4EFD-B334-1010472EEAB9}.AppStore|iPhoneSimulator.Deploy.0 = Release|x86
		{91355A85-1D68-4EFD-B334-1010472EEAB9}.AppStore|x64.ActiveCfg = Release|x64
		{91355A85-1D68-4EFD-B334-1010472EEAB9}.AppStore|x64.Build.0 = Release|x64
		{91355A85-1D68-4EFD-B334-1010472EEAB9}.AppStore|x64.Deploy.0 = Release|x64
		{91355A85-1D68-4EFD-B334-1010472EEAB9}.AppStore|x86.ActiveCfg = Release|x86
		{91355A85-1D68-4EFD-B334-1010472EEAB9}.AppStore|x86.Build.0 = Release|x86
		{91355A85-1D68-4EFD-B334-1010472EEAB9}.AppStore|x86.Deploy.0 = Release|x86
		{91355A85-1D68-4EFD-B334-1010472EEAB9}.Debug|Any CPU.ActiveCfg = Debug|x86
		{91355A85-1D68-4EFD-B334-1010472EEAB9}.Debug|ARM.ActiveCfg = Debug|ARM
		{91355A85-1D68-4EFD-B334-1010472EEAB9}.Debug|ARM.Build.0 = Debug|ARM
		{91355A85-1D68-4EFD-B334-1010472EEAB9}.Debug|ARM.Deploy.0 = Debug|ARM
		{91355A85-1D68-4EFD-B334-1010472EEAB9}.Debug|iPhone.ActiveCfg = Debug|x86
		{91355A85-1D68-4EFD-B334-1010472EEAB9}.Debug|iPhoneSimulator.ActiveCfg = Debug|x86
		{91355A85-1D68-4EFD-B334-1010472EEAB9}.Debug|x64.ActiveCfg = Debug|x64
		{91355A85-1D68-4EFD-B334-1010472EEAB9}.Debug|x64.Build.0 = Debug|x64
		{91355A85-1D68-4EFD-B334-1010472EEAB9}.Debug|x64.Deploy.0 = Debug|x64
		{91355A85-1D68-4EFD-B334-1010472EEAB9}.Debug|x86.ActiveCfg = Debug|x86
		{91355A85-1D68-4EFD-B334-1010472EEAB9}.Debug|x86.Build.0 = Debug|x86
		{91355A85-1D68-4EFD-B334-1010472EEAB9}.Debug|x86.Deploy.0 = Debug|x86
		{91355A85-1D68-4EFD-B334-1010472EEAB9}.Release|Any CPU.ActiveCfg = Release|x86
		{91355A85-1D68-4EFD-B334-1010472EEAB9}.Release|ARM.ActiveCfg = Release|ARM
		{91355A85-1D68-4EFD-B334-1010472EEAB9}.Release|ARM.Build.0 = Release|ARM
		{91355A85-1D68-4EFD-B334-1010472EEAB9}.Release|ARM.Deploy.0 = Release|ARM
		{91355A85-1D68-4EFD-B334-1010472EEAB9}.Release|iPhone.ActiveCfg = Release|x86
		{91355A85-1D68-4EFD-B334-1010472EEAB9}.Release|iPhoneSimulator.ActiveCfg = Release|x86
		{91355A85-1D68-4EFD-B334-1010472EEAB9}.Release|x64.ActiveCfg = Release|x64
		{91355A85-1D68-4EFD-B334-1010472EEAB9}.Release|x64.Build.0 = Release|x64
		{91355A85-1D68-4EFD-B334-1010472EEAB9}.Release|x64.Deploy.0 = Release|x64
		{91355A85-1D68-4EFD-B334-1010472EEAB9}.Release|x86.ActiveCfg = Release|x86
		{91355A85-1D68-4EFD-B334-1010472EEAB9}.Release|x86.Build.0 = Release|x86
		{91355A85-1D68-4EFD-B334-1010472EEAB9}.Release|x86.Deploy.0 = Release|x86
		{219E276E-4CD5-475E-8C3C-78ACDD81146D}.Ad-Hoc|Any CPU.ActiveCfg = Ad-Hoc|iPhone
		{219E276E-4CD5-475E-8C3C-78ACDD81146D}.Ad-Hoc|ARM.ActiveCfg = Ad-Hoc|iPhone
		{219E276E-4CD5-475E-8C3C-78ACDD81146D}.Ad-Hoc|iPhone.ActiveCfg = Ad-Hoc|iPhone
		{219E276E-4CD5-475E-8C3C-78ACDD81146D}.Ad-Hoc|iPhone.Build.0 = Ad-Hoc|iPhone
		{219E276E-4CD5-475E-8C3C-78ACDD81146D}.Ad-Hoc|iPhoneSimulator.ActiveCfg = Ad-Hoc|iPhoneSimulator
		{219E276E-4CD5-475E-8C3C-78ACDD81146D}.Ad-Hoc|iPhoneSimulator.Build.0 = Ad-Hoc|iPhoneSimulator
		{219E276E-4CD5-475E-8C3C-78ACDD81146D}.Ad-Hoc|x64.ActiveCfg = Ad-Hoc|iPhone
		{219E276E-4CD5-475E-8C3C-78ACDD81146D}.Ad-Hoc|x86.ActiveCfg = Ad-Hoc|iPhone
		{219E276E-4CD5-475E-8C3C-78ACDD81146D}.AppStore|Any CPU.ActiveCfg = AppStore|iPhone
		{219E276E-4CD5-475E-8C3C-78ACDD81146D}.AppStore|ARM.ActiveCfg = AppStore|iPhone
		{219E276E-4CD5-475E-8C3C-78ACDD81146D}.AppStore|iPhone.ActiveCfg = AppStore|iPhone
		{219E276E-4CD5-475E-8C3C-78ACDD81146D}.AppStore|iPhone.Build.0 = AppStore|iPhone
		{219E276E-4CD5-475E-8C3C-78ACDD81146D}.AppStore|iPhoneSimulator.ActiveCfg = AppStore|iPhoneSimulator
		{219E276E-4CD5-475E-8C3C-78ACDD81146D}.AppStore|iPhoneSimulator.Build.0 = AppStore|iPhoneSimulator
		{219E276E-4CD5-475E-8C3C-78ACDD81146D}.AppStore|x64.ActiveCfg = AppStore|iPhone
		{219E276E-4CD5-475E-8C3C-78ACDD81146D}.AppStore|x86.ActiveCfg = AppStore|iPhone
		{219E276E-4CD5-475E-8C3C-78ACDD81146D}.Debug|Any CPU.ActiveCfg = Debug|iPhone
		{219E276E-4CD5-475E-8C3C-78ACDD81146D}.Debug|ARM.ActiveCfg = Debug|iPhone
		{219E276E-4CD5-475E-8C3C-78ACDD81146D}.Debug|iPhone.ActiveCfg = Debug|iPhone
		{219E276E-4CD5-475E-8C3C-78ACDD81146D}.Debug|iPhone.Build.0 = Debug|iPhone
		{219E276E-4CD5-475E-8C3C-78ACDD81146D}.Debug|iPhoneSimulator.ActiveCfg = Debug|iPhoneSimulator
		{219E276E-4CD5-475E-8C3C-78ACDD81146D}.Debug|iPhoneSimulator.Build.0 = Debug|iPhoneSimulator
		{219E276E-4CD5-475E-8C3C-78ACDD81146D}.Debug|x64.ActiveCfg = Debug|iPhone
		{219E276E-4CD5-475E-8C3C-78ACDD81146D}.Debug|x86.ActiveCfg = Debug|iPhone
		{219E276E-4CD5-475E-8C3C-78ACDD81146D}.Release|Any CPU.ActiveCfg = Release|iPhone
		{219E276E-4CD5-475E-8C3C-78ACDD81146D}.Release|ARM.ActiveCfg = Release|iPhone
		{219E276E-4CD5-475E-8C3C-78ACDD81146D}.Release|iPhone.ActiveCfg = Release|iPhone
		{219E276E-4CD5-475E-8C3C-78ACDD81146D}.Release|iPhone.Build.0 = Release|iPhone
		{219E276E-4CD5-475E-8C3C-78ACDD81146D}.Release|iPhoneSimulator.ActiveCfg = Release|iPhoneSimulator
		{219E276E-4CD5-475E-8C3C-78ACDD81146D}.Release|iPhoneSimulator.Build.0 = Release|iPhoneSimulator
		{219E276E-4CD5-475E-8C3C-78ACDD81146D}.Release|x64.ActiveCfg = Release|iPhone
		{219E276E-4CD5-475E-8C3C-78ACDD81146D}.Release|x86.ActiveCfg = Release|iPhone
	EndGlobalSection
	GlobalSection(SolutionProperties) = preSolution
		HideSolutionNode = FALSE
	EndGlobalSection
EndGlobal
